
Microsoft Visual Studio Solution File, Format Version 12.00
# Visual Studio 15
VisualStudioVersion = 15.0.27130.2036
MinimumVisualStudioVersion = 10.0.40219.1
Project("{9A19103F-16F7-4668-BE54-9A1E7A4F7556}") = "Nandalala.Paas.Core", "Nandalala.Paas.Core\Nandalala.Paas.Core.csproj", "{9C77F13C-4B6C-447E-B93C-2925D7818DE1}"
EndProject
Project("{9A19103F-16F7-4668-BE54-9A1E7A4F7556}") = "Nandalala.Paas.Core.Tests", "Nandalala.Paas.Core.Tests\Nandalala.Paas.Core.Tests.csproj", "{579EB477-ED1F-4E7F-A42E-0961F568E210}"
EndProject
Project("{9A19103F-16F7-4668-BE54-9A1E7A4F7556}") = "Nandalala.Paas.Couchbase", "Nandalala.Paas.Couchbase\Nandalala.Paas.Couchbase.csproj", "{CCDFAB78-C1E6-4A66-8B2C-A41EE38D87CD}"
EndProject
Project("{9A19103F-16F7-4668-BE54-9A1E7A4F7556}") = "Nandalala.Paas.Couchbase.Tests", "Nandalala.Paas.Couchbase.Tests\Nandalala.Paas.Couchbase.Tests.csproj", "{11B172E4-4D09-4CA2-8C90-8D23DDDE8D45}"
EndProject
Global
	GlobalSection(SolutionConfigurationPlatforms) = preSolution
		Debug|Any CPU = Debug|Any CPU
		Release|Any CPU = Release|Any CPU
	EndGlobalSection
	GlobalSection(ProjectConfigurationPlatforms) = postSolution
		{9C77F13C-4B6C-447E-B93C-2925D7818DE1}.Debug|Any CPU.ActiveCfg = Debug|Any CPU
		{9C77F13C-4B6C-447E-B93C-2925D7818DE1}.Debug|Any CPU.Build.0 = Debug|Any CPU
		{9C77F13C-4B6C-447E-B93C-2925D7818DE1}.Release|Any CPU.ActiveCfg = Release|Any CPU
		{9C77F13C-4B6C-447E-B93C-2925D7818DE1}.Release|Any CPU.Build.0 = Release|Any CPU
		{579EB477-ED1F-4E7F-A42E-0961F568E210}.Debug|Any CPU.ActiveCfg = Debug|Any CPU
		{579EB477-ED1F-4E7F-A42E-0961F568E210}.Debug|Any CPU.Build.0 = Debug|Any CPU
		{579EB477-ED1F-4E7F-A42E-0961F568E210}.Release|Any CPU.ActiveCfg = Release|Any CPU
		{579EB477-ED1F-4E7F-A42E-0961F568E210}.Release|Any CPU.Build.0 = Release|Any CPU
		{CCDFAB78-C1E6-4A66-8B2C-A41EE38D87CD}.Debug|Any CPU.ActiveCfg = Debug|Any CPU
		{CCDFAB78-C1E6-4A66-8B2C-A41EE38D87CD}.Debug|Any CPU.Build.0 = Debug|Any CPU
		{CCDFAB78-C1E6-4A66-8B2C-A41EE38D87CD}.Release|Any CPU.ActiveCfg = Release|Any CPU
		{CCDFAB78-C1E6-4A66-8B2C-A41EE38D87CD}.Release|Any CPU.Build.0 = Release|Any CPU
		{11B172E4-4D09-4CA2-8C90-8D23DDDE8D45}.Debug|Any CPU.ActiveCfg = Debug|Any CPU
		{11B172E4-4D09-4CA2-8C90-8D23DDDE8D45}.Debug|Any CPU.Build.0 = Debug|Any CPU
		{11B172E4-4D09-4CA2-8C90-8D23DDDE8D45}.Release|Any CPU.ActiveCfg = Release|Any CPU
		{11B172E4-4D09-4CA2-8C90-8D23DDDE8D45}.Release|Any CPU.Build.0 = Release|Any CPU
	EndGlobalSection
	GlobalSection(SolutionProperties) = preSolution
		HideSolutionNode = FALSE
	EndGlobalSection
	GlobalSection(ExtensibilityGlobals) = postSolution
		SolutionGuid = {F743F612-27CF-418A-9029-AF6B10615FF3}
	EndGlobalSection
EndGlobal
